
Microsoft Visual Studio Solution File, Format Version 12.00
# Visual Studio Version 17
VisualStudioVersion = 17.2.32630.192
MinimumVisualStudioVersion = 10.0.40219.1
Project("{FAE04EC0-301F-11D3-BF4B-00C04F79EFBC}") = "TypesAndVariables", "TypesAndVariables\TypesAndVariables.csproj", "{702065CF-0B50-4D6B-A5CC-C14CC3657282}"
EndProject
Project("{FAE04EC0-301F-11D3-BF4B-00C04F79EFBC}") = "AsalSayi", "AsalSayi\AsalSayi.csproj", "{10DB6E34-4EF1-4AA8-873F-7F28177D884F}"
EndProject
Project("{9A19103F-16F7-4668-BE54-9A1E7A4F7556}") = "Reacap1 Project", "Reacap1 Project\Reacap1 Project.csproj", "{10D8D004-D475-4ADD-85BC-32FE367C7FE4}"
EndProject
Project("{FAE04EC0-301F-11D3-BF4B-00C04F79EFBC}") = "Variables", "Variables\Variables.csproj", "{19817401-9FF4-489C-B493-3DAD66845E1E}"
EndProject
Project("{FAE04EC0-301F-11D3-BF4B-00C04F79EFBC}") = "Operators", "Operators\Operators.csproj", "{3B6CA54D-0E78-4DFA-9E55-B9205D7C222A}"
EndProject
Project("{FAE04EC0-301F-11D3-BF4B-00C04F79EFBC}") = "TypeConvert", "TypeConvert\TypeConvert.csproj", "{385C0CBB-E5A9-42B3-B9FE-D672CA4379CD}"
EndProject
Project("{FAE04EC0-301F-11D3-BF4B-00C04F79EFBC}") = "Try_Catch", "Try_Catch\Try_Catch.csproj", "{CB1FC876-E726-4C55-9225-FC825D046BCA}"
EndProject
Project("{FAE04EC0-301F-11D3-BF4B-00C04F79EFBC}") = "If and Else", "If and Else\If and Else.csproj", "{C532AF73-4983-4947-B5F4-D55FB86CAFB9}"
EndProject
Project("{FAE04EC0-301F-11D3-BF4B-00C04F79EFBC}") = "SwitchCase", "SwitchCase\SwitchCase.csproj", "{5B40E3E9-DB96-41D8-9AC0-8858449C357E}"
EndProject
Project("{9A19103F-16F7-4668-BE54-9A1E7A4F7556}") = "WinFormsApp1", "WinFormsApp1\WinFormsApp1.csproj", "{F6D8050C-42EC-4490-85C0-A0E942490288}"
EndProject
Project("{FAE04EC0-301F-11D3-BF4B-00C04F79EFBC}") = "Loops", "Loops\Loops.csproj", "{EE6E082D-EDE5-4D58-B87C-681902B8063F}"
EndProject
Project("{FAE04EC0-301F-11D3-BF4B-00C04F79EFBC}") = "WhileLoops", "WhileLoops\WhileLoops.csproj", "{6585A114-D827-40A6-8133-B798573CB01A}"
EndProject
Global
	GlobalSection(SolutionConfigurationPlatforms) = preSolution
		Debug|Any CPU = Debug|Any CPU
		Release|Any CPU = Release|Any CPU
	EndGlobalSection
	GlobalSection(ProjectConfigurationPlatforms) = postSolution
		{702065CF-0B50-4D6B-A5CC-C14CC3657282}.Debug|Any CPU.ActiveCfg = Debug|Any CPU
		{702065CF-0B50-4D6B-A5CC-C14CC3657282}.Debug|Any CPU.Build.0 = Debug|Any CPU
		{702065CF-0B50-4D6B-A5CC-C14CC3657282}.Release|Any CPU.ActiveCfg = Release|Any CPU
		{702065CF-0B50-4D6B-A5CC-C14CC3657282}.Release|Any CPU.Build.0 = Release|Any CPU
		{10DB6E34-4EF1-4AA8-873F-7F28177D884F}.Debug|Any CPU.ActiveCfg = Debug|Any CPU
		{10DB6E34-4EF1-4AA8-873F-7F28177D884F}.Debug|Any CPU.Build.0 = Debug|Any CPU
		{10DB6E34-4EF1-4AA8-873F-7F28177D884F}.Release|Any CPU.ActiveCfg = Release|Any CPU
		{10DB6E34-4EF1-4AA8-873F-7F28177D884F}.Release|Any CPU.Build.0 = Release|Any CPU
		{10D8D004-D475-4ADD-85BC-32FE367C7FE4}.Debug|Any CPU.ActiveCfg = Debug|Any CPU
		{10D8D004-D475-4ADD-85BC-32FE367C7FE4}.Debug|Any CPU.Build.0 = Debug|Any CPU
		{10D8D004-D475-4ADD-85BC-32FE367C7FE4}.Release|Any CPU.ActiveCfg = Release|Any CPU
		{10D8D004-D475-4ADD-85BC-32FE367C7FE4}.Release|Any CPU.Build.0 = Release|Any CPU
		{19817401-9FF4-489C-B493-3DAD66845E1E}.Debug|Any CPU.ActiveCfg = Debug|Any CPU
		{19817401-9FF4-489C-B493-3DAD66845E1E}.Debug|Any CPU.Build.0 = Debug|Any CPU
		{19817401-9FF4-489C-B493-3DAD66845E1E}.Release|Any CPU.ActiveCfg = Release|Any CPU
		{19817401-9FF4-489C-B493-3DAD66845E1E}.Release|Any CPU.Build.0 = Release|Any CPU
		{3B6CA54D-0E78-4DFA-9E55-B9205D7C222A}.Debug|Any CPU.ActiveCfg = Debug|Any CPU
		{3B6CA54D-0E78-4DFA-9E55-B9205D7C222A}.Debug|Any CPU.Build.0 = Debug|Any CPU
		{3B6CA54D-0E78-4DFA-9E55-B9205D7C222A}.Release|Any CPU.ActiveCfg = Release|Any CPU
		{3B6CA54D-0E78-4DFA-9E55-B9205D7C222A}.Release|Any CPU.Build.0 = Release|Any CPU
		{385C0CBB-E5A9-42B3-B9FE-D672CA4379CD}.Debug|Any CPU.ActiveCfg = Debug|Any CPU
		{385C0CBB-E5A9-42B3-B9FE-D672CA4379CD}.Debug|Any CPU.Build.0 = Debug|Any CPU
		{385C0CBB-E5A9-42B3-B9FE-D672CA4379CD}.Release|Any CPU.ActiveCfg = Release|Any CPU
		{385C0CBB-E5A9-42B3-B9FE-D672CA4379CD}.Release|Any CPU.Build.0 = Release|Any CPU
		{CB1FC876-E726-4C55-9225-FC825D046BCA}.Debug|Any CPU.ActiveCfg = Debug|Any CPU
		{CB1FC876-E726-4C55-9225-FC825D046BCA}.Debug|Any CPU.Build.0 = Debug|Any CPU
		{CB1FC876-E726-4C55-9225-FC825D046BCA}.Release|Any CPU.ActiveCfg = Release|Any CPU
		{CB1FC876-E726-4C55-9225-FC825D046BCA}.Release|Any CPU.Build.0 = Release|Any CPU
		{C532AF73-4983-4947-B5F4-D55FB86CAFB9}.Debug|Any CPU.ActiveCfg = Debug|Any CPU
		{C532AF73-4983-4947-B5F4-D55FB86CAFB9}.Debug|Any CPU.Build.0 = Debug|Any CPU
		{C532AF73-4983-4947-B5F4-D55FB86CAFB9}.Release|Any CPU.ActiveCfg = Release|Any CPU
		{C532AF73-4983-4947-B5F4-D55FB86CAFB9}.Release|Any CPU.Build.0 = Release|Any CPU
		{5B40E3E9-DB96-41D8-9AC0-8858449C357E}.Debug|Any CPU.ActiveCfg = Debug|Any CPU
		{5B40E3E9-DB96-41D8-9AC0-8858449C357E}.Debug|Any CPU.Build.0 = Debug|Any CPU
		{5B40E3E9-DB96-41D8-9AC0-8858449C357E}.Release|Any CPU.ActiveCfg = Release|Any CPU
		{5B40E3E9-DB96-41D8-9AC0-8858449C357E}.Release|Any CPU.Build.0 = Release|Any CPU
		{F6D8050C-42EC-4490-85C0-A0E942490288}.Debug|Any CPU.ActiveCfg = Debug|Any CPU
		{F6D8050C-42EC-4490-85C0-A0E942490288}.Debug|Any CPU.Build.0 = Debug|Any CPU
		{F6D8050C-42EC-4490-85C0-A0E942490288}.Release|Any CPU.ActiveCfg = Release|Any CPU
		{F6D8050C-42EC-4490-85C0-A0E942490288}.Release|Any CPU.Build.0 = Release|Any CPU
		{EE6E082D-EDE5-4D58-B87C-681902B8063F}.Debug|Any CPU.ActiveCfg = Debug|Any CPU
		{EE6E082D-EDE5-4D58-B87C-681902B8063F}.Debug|Any CPU.Build.0 = Debug|Any CPU
		{EE6E082D-EDE5-4D58-B87C-681902B8063F}.Release|Any CPU.ActiveCfg = Release|Any CPU
		{EE6E082D-EDE5-4D58-B87C-681902B8063F}.Release|Any CPU.Build.0 = Release|Any CPU
		{6585A114-D827-40A6-8133-B798573CB01A}.Debug|Any CPU.ActiveCfg = Debug|Any CPU
		{6585A114-D827-40A6-8133-B798573CB01A}.Debug|Any CPU.Build.0 = Debug|Any CPU
		{6585A114-D827-40A6-8133-B798573CB01A}.Release|Any CPU.ActiveCfg = Release|Any CPU
		{6585A114-D827-40A6-8133-B798573CB01A}.Release|Any CPU.Build.0 = Release|Any CPU
	EndGlobalSection
	GlobalSection(SolutionProperties) = preSolution
		HideSolutionNode = FALSE
	EndGlobalSection
	GlobalSection(ExtensibilityGlobals) = postSolution
		SolutionGuid = {DF845987-384F-4594-B642-980EC6F51CBE}
	EndGlobalSection
EndGlobal
